
Microsoft Visual Studio Solution File, Format Version 12.00
# Visual Studio Version 17
VisualStudioVersion = 17.5.33502.453
MinimumVisualStudioVersion = 10.0.40219.1
Project("{FAE04EC0-301F-11D3-BF4B-00C04F79EFBC}") = "ExceptionBoxWPF", "ExceptionBoxWPF\ExceptionBoxWPF.csproj", "{D1F0CE1B-29B1-47F0-9367-B3B8F4296A8F}"
EndProject
Project("{2150E333-8FDC-42A3-9474-1A3956D46DE8}") = "WPF", "WPF", "{55879AD7-0DC9-402F-82B3-906B8D0E8393}"
EndProject
Project("{2150E333-8FDC-42A3-9474-1A3956D46DE8}") = "UWP", "UWP", "{8691805D-F93B-4763-962C-BE252B103BE8}"
EndProject
Project("{2150E333-8FDC-42A3-9474-1A3956D46DE8}") = "WinUI", "WinUI", "{74DE288A-04FD-44FA-A485-986FFC6677D7}"
EndProject
Global
	GlobalSection(SolutionConfigurationPlatforms) = preSolution
		Debug|Any CPU = Debug|Any CPU
		Release|Any CPU = Release|Any CPU
	EndGlobalSection
	GlobalSection(ProjectConfigurationPlatforms) = postSolution
		{D1F0CE1B-29B1-47F0-9367-B3B8F4296A8F}.Debug|Any CPU.ActiveCfg = Debug|Any CPU
		{D1F0CE1B-29B1-47F0-9367-B3B8F4296A8F}.Debug|Any CPU.Build.0 = Debug|Any CPU
		{D1F0CE1B-29B1-47F0-9367-B3B8F4296A8F}.Release|Any CPU.ActiveCfg = Release|Any CPU
		{D1F0CE1B-29B1-47F0-9367-B3B8F4296A8F}.Release|Any CPU.Build.0 = Release|Any CPU
	EndGlobalSection
	GlobalSection(SolutionProperties) = preSolution
		HideSolutionNode = FALSE
	EndGlobalSection
	GlobalSection(NestedProjects) = preSolution
		{D1F0CE1B-29B1-47F0-9367-B3B8F4296A8F} = {55879AD7-0DC9-402F-82B3-906B8D0E8393}
	EndGlobalSection
	GlobalSection(ExtensibilityGlobals) = postSolution
		SolutionGuid = {2229D5DA-752B-40C8-A166-B4C89608F048}
	EndGlobalSection
EndGlobal
